// !$*UTF8*$!
{
	archiveVersion = 1;
	classes = {
	};
	objectVersion = 46;
	objects = {

/* Begin PBXBuildFile section */
		471510AA1EC2B9F50003E18B /* AppDelegate.swift in Sources */ = {isa = PBXBuildFile; fileRef = 471510A91EC2B9F50003E18B /* AppDelegate.swift */; };
		471510AC1EC2B9F50003E18B /* ViewController.swift in Sources */ = {isa = PBXBuildFile; fileRef = 471510AB1EC2B9F50003E18B /* ViewController.swift */; };
		471510AF1EC2B9F50003E18B /* Main.storyboard in Resources */ = {isa = PBXBuildFile; fileRef = 471510AD1EC2B9F50003E18B /* Main.storyboard */; };
		471510B11EC2B9F50003E18B /* Assets.xcassets in Resources */ = {isa = PBXBuildFile; fileRef = 471510B01EC2B9F50003E18B /* Assets.xcassets */; };
		471510B41EC2B9F50003E18B /* LaunchScreen.storyboard in Resources */ = {isa = PBXBuildFile; fileRef = 471510B21EC2B9F50003E18B /* LaunchScreen.storyboard */; };
		471510BF1EC2B9F50003E18B /* anitaTests.swift in Sources */ = {isa = PBXBuildFile; fileRef = 471510BE1EC2B9F50003E18B /* anitaTests.swift */; };
		471510CA1EC2B9F60003E18B /* anitaUITests.swift in Sources */ = {isa = PBXBuildFile; fileRef = 471510C91EC2B9F60003E18B /* anitaUITests.swift */; };
/* End PBXBuildFile section */

/* Begin PBXContainerItemProxy section */
		471510BB1EC2B9F50003E18B /* PBXContainerItemProxy */ = {
			isa = PBXContainerItemProxy;
			containerPortal = 4715109E1EC2B9F50003E18B /* Project object */;
			proxyType = 1;
			remoteGlobalIDString = 471510A51EC2B9F50003E18B;
			remoteInfo = anita;
		};
		471510C61EC2B9F60003E18B /* PBXContainerItemProxy */ = {
			isa = PBXContainerItemProxy;
			containerPortal = 4715109E1EC2B9F50003E18B /* Project object */;
			proxyType = 1;
			remoteGlobalIDString = 471510A51EC2B9F50003E18B;
			remoteInfo = anita;
		};
/* End PBXContainerItemProxy section */

/* Begin PBXFileReference section */
		471510A61EC2B9F50003E18B /* anita.app */ = {isa = PBXFileReference; explicitFileType = wrapper.application; includeInIndex = 0; path = anita.app; sourceTree = BUILT_PRODUCTS_DIR; };
		471510A91EC2B9F50003E18B /* AppDelegate.swift */ = {isa = PBXFileReference; lastKnownFileType = sourcecode.swift; path = AppDelegate.swift; sourceTree = "<group>"; };
		471510AB1EC2B9F50003E18B /* ViewController.swift */ = {isa = PBXFileReference; lastKnownFileType = sourcecode.swift; path = ViewController.swift; sourceTree = "<group>"; };
		471510AE1EC2B9F50003E18B /* Base */ = {isa = PBXFileReference; lastKnownFileType = file.storyboard; name = Base; path = Base.lproj/Main.storyboard; sourceTree = "<group>"; };
		471510B01EC2B9F50003E18B /* Assets.xcassets */ = {isa = PBXFileReference; lastKnownFileType = folder.assetcatalog; path = Assets.xcassets; sourceTree = "<group>"; };
		471510B31EC2B9F50003E18B /* Base */ = {isa = PBXFileReference; lastKnownFileType = file.storyboard; name = Base; path = Base.lproj/LaunchScreen.storyboard; sourceTree = "<group>"; };
		471510B51EC2B9F50003E18B /* Info.plist */ = {isa = PBXFileReference; lastKnownFileType = text.plist.xml; path = Info.plist; sourceTree = "<group>"; };
		471510BA1EC2B9F50003E18B /* anitaTests.xctest */ = {isa = PBXFileReference; explicitFileType = wrapper.cfbundle; includeInIndex = 0; path = anitaTests.xctest; sourceTree = BUILT_PRODUCTS_DIR; };
		471510BE1EC2B9F50003E18B /* anitaTests.swift */ = {isa = PBXFileReference; lastKnownFileType = sourcecode.swift; path = anitaTests.swift; sourceTree = "<group>"; };
		471510C01EC2B9F60003E18B /* Info.plist */ = {isa = PBXFileReference; lastKnownFileType = text.plist.xml; path = Info.plist; sourceTree = "<group>"; };
		471510C51EC2B9F60003E18B /* anitaUITests.xctest */ = {isa = PBXFileReference; explicitFileType = wrapper.cfbundle; includeInIndex = 0; path = anitaUITests.xctest; sourceTree = BUILT_PRODUCTS_DIR; };
		471510C91EC2B9F60003E18B /* anitaUITests.swift */ = {isa = PBXFileReference; lastKnownFileType = sourcecode.swift; path = anitaUITests.swift; sourceTree = "<group>"; };
		471510CB1EC2B9F60003E18B /* Info.plist */ = {isa = PBXFileReference; lastKnownFileType = text.plist.xml; path = Info.plist; sourceTree = "<group>"; };
/* End PBXFileReference section */

/* Begin PBXFrameworksBuildPhase section */
		471510A31EC2B9F50003E18B /* Frameworks */ = {
			isa = PBXFrameworksBuildPhase;
			buildActionMask = 2147483647;
			files = (
			);
			runOnlyForDeploymentPostprocessing = 0;
		};
		471510B71EC2B9F50003E18B /* Frameworks */ = {
			isa = PBXFrameworksBuildPhase;
			buildActionMask = 2147483647;
			files = (
			);
			runOnlyForDeploymentPostprocessing = 0;
		};
		471510C21EC2B9F60003E18B /* Frameworks */ = {
			isa = PBXFrameworksBuildPhase;
			buildActionMask = 2147483647;
			files = (
			);
			runOnlyForDeploymentPostprocessing = 0;
		};
/* End PBXFrameworksBuildPhase section */

/* Begin PBXGroup section */
		4715109D1EC2B9F50003E18B = {
			isa = PBXGroup;
			children = (
				471510A81EC2B9F50003E18B /* anita */,
				471510BD1EC2B9F50003E18B /* anitaTests */,
				471510C81EC2B9F60003E18B /* anitaUITests */,
				471510A71EC2B9F50003E18B /* Products */,
			);
			sourceTree = "<group>";
		};
		471510A71EC2B9F50003E18B /* Products */ = {
			isa = PBXGroup;
			children = (
				471510A61EC2B9F50003E18B /* anita.app */,
				471510BA1EC2B9F50003E18B /* anitaTests.xctest */,
				471510C51EC2B9F60003E18B /* anitaUITests.xctest */,
			);
			name = Products;
			sourceTree = "<group>";
		};
		471510A81EC2B9F50003E18B /* anita */ = {
			isa = PBXGroup;
			children = (
				471510A91EC2B9F50003E18B /* AppDelegate.swift */,
				471510AB1EC2B9F50003E18B /* ViewController.swift */,
				471510AD1EC2B9F50003E18B /* Main.storyboard */,
				471510B01EC2B9F50003E18B /* Assets.xcassets */,
				471510B21EC2B9F50003E18B /* LaunchScreen.storyboard */,
				471510B51EC2B9F50003E18B /* Info.plist */,
			);
			path = anita;
			sourceTree = "<group>";
		};
		471510BD1EC2B9F50003E18B /* anitaTests */ = {
			isa = PBXGroup;
			children = (
				471510BE1EC2B9F50003E18B /* anitaTests.swift */,
				471510C01EC2B9F60003E18B /* Info.plist */,
			);
			path = anitaTests;
			sourceTree = "<group>";
		};
		471510C81EC2B9F60003E18B /* anitaUITests */ = {
			isa = PBXGroup;
			children = (
				471510C91EC2B9F60003E18B /* anitaUITests.swift */,
				471510CB1EC2B9F60003E18B /* Info.plist */,
			);
			path = anitaUITests;
			sourceTree = "<group>";
		};
/* End PBXGroup section */

/* Begin PBXNativeTarget section */
		471510A51EC2B9F50003E18B /* anita */ = {
			isa = PBXNativeTarget;
			buildConfigurationList = 471510CE1EC2B9F60003E18B /* Build configuration list for PBXNativeTarget "anita" */;
			buildPhases = (
				471510A21EC2B9F50003E18B /* Sources */,
				471510A31EC2B9F50003E18B /* Frameworks */,
				471510A41EC2B9F50003E18B /* Resources */,
			);
			buildRules = (
			);
			dependencies = (
			);
			name = anita;
			productName = anita;
			productReference = 471510A61EC2B9F50003E18B /* anita.app */;
			productType = "com.apple.product-type.application";
		};
		471510B91EC2B9F50003E18B /* anitaTests */ = {
			isa = PBXNativeTarget;
			buildConfigurationList = 471510D11EC2B9F60003E18B /* Build configuration list for PBXNativeTarget "anitaTests" */;
			buildPhases = (
				471510B61EC2B9F50003E18B /* Sources */,
				471510B71EC2B9F50003E18B /* Frameworks */,
				471510B81EC2B9F50003E18B /* Resources */,
			);
			buildRules = (
			);
			dependencies = (
				471510BC1EC2B9F50003E18B /* PBXTargetDependency */,
			);
			name = anitaTests;
			productName = anitaTests;
			productReference = 471510BA1EC2B9F50003E18B /* anitaTests.xctest */;
			productType = "com.apple.product-type.bundle.unit-test";
		};
		471510C41EC2B9F60003E18B /* anitaUITests */ = {
			isa = PBXNativeTarget;
			buildConfigurationList = 471510D41EC2B9F60003E18B /* Build configuration list for PBXNativeTarget "anitaUITests" */;
			buildPhases = (
				471510C11EC2B9F60003E18B /* Sources */,
				471510C21EC2B9F60003E18B /* Frameworks */,
				471510C31EC2B9F60003E18B /* Resources */,
			);
			buildRules = (
			);
			dependencies = (
				471510C71EC2B9F60003E18B /* PBXTargetDependency */,
			);
			name = anitaUITests;
			productName = anitaUITests;
			productReference = 471510C51EC2B9F60003E18B /* anitaUITests.xctest */;
			productType = "com.apple.product-type.bundle.ui-testing";
		};
/* End PBXNativeTarget section */

/* Begin PBXProject section */
		4715109E1EC2B9F50003E18B /* Project object */ = {
			isa = PBXProject;
			attributes = {
				LastSwiftUpdateCheck = 0830;
				LastUpgradeCheck = 0830;
				TargetAttributes = {
					471510A51EC2B9F50003E18B = {
						CreatedOnToolsVersion = 8.3.2;
						ProvisioningStyle = Automatic;
					};
					471510B91EC2B9F50003E18B = {
						CreatedOnToolsVersion = 8.3.2;
						ProvisioningStyle = Automatic;
						TestTargetID = 471510A51EC2B9F50003E18B;
					};
					471510C41EC2B9F60003E18B = {
						CreatedOnToolsVersion = 8.3.2;
						ProvisioningStyle = Automatic;
						TestTargetID = 471510A51EC2B9F50003E18B;
					};
				};
			};
			buildConfigurationList = 471510A11EC2B9F50003E18B /* Build configuration list for PBXProject "anita" */;
			compatibilityVersion = "Xcode 3.2";
			developmentRegion = English;
			hasScannedForEncodings = 0;
			knownRegions = (
				en,
				Base,
			);
			mainGroup = 4715109D1EC2B9F50003E18B;
			productRefGroup = 471510A71EC2B9F50003E18B /* Products */;
			projectDirPath = "";
			projectRoot = "";
			targets = (
				471510A51EC2B9F50003E18B /* anita */,
				471510B91EC2B9F50003E18B /* anitaTests */,
				471510C41EC2B9F60003E18B /* anitaUITests */,
			);
		};
/* End PBXProject section */

/* Begin PBXResourcesBuildPhase section */
		471510A41EC2B9F50003E18B /* Resources */ = {
			isa = PBXResourcesBuildPhase;
			buildActionMask = 2147483647;
			files = (
				471510B41EC2B9F50003E18B /* LaunchScreen.storyboard in Resources */,
				471510B11EC2B9F50003E18B /* Assets.xcassets in Resources */,
				471510AF1EC2B9F50003E18B /* Main.storyboard in Resources */,
			);
			runOnlyForDeploymentPostprocessing = 0;
		};
		471510B81EC2B9F50003E18B /* Resources */ = {
			isa = PBXResourcesBuildPhase;
			buildActionMask = 2147483647;
			files = (
			);
			runOnlyForDeploymentPostprocessing = 0;
		};
		471510C31EC2B9F60003E18B /* Resources */ = {
			isa = PBXResourcesBuildPhase;
			buildActionMask = 2147483647;
			files = (
			);
			runOnlyForDeploymentPostprocessing = 0;
		};
/* End PBXResourcesBuildPhase section */

/* Begin PBXSourcesBuildPhase section */
		471510A21EC2B9F50003E18B /* Sources */ = {
			isa = PBXSourcesBuildPhase;
			buildActionMask = 2147483647;
			files = (
				471510AC1EC2B9F50003E18B /* ViewController.swift in Sources */,
				471510AA1EC2B9F50003E18B /* AppDelegate.swift in Sources */,
			);
			runOnlyForDeploymentPostprocessing = 0;
		};
		471510B61EC2B9F50003E18B /* Sources */ = {
			isa = PBXSourcesBuildPhase;
			buildActionMask = 2147483647;
			files = (
				471510BF1EC2B9F50003E18B /* anitaTests.swift in Sources */,
			);
			runOnlyForDeploymentPostprocessing = 0;
		};
		471510C11EC2B9F60003E18B /* Sources */ = {
			isa = PBXSourcesBuildPhase;
			buildActionMask = 2147483647;
			files = (
				471510CA1EC2B9F60003E18B /* anitaUITests.swift in Sources */,
			);
			runOnlyForDeploymentPostprocessing = 0;
		};
/* End PBXSourcesBuildPhase section */

/* Begin PBXTargetDependency section */
		471510BC1EC2B9F50003E18B /* PBXTargetDependency */ = {
			isa = PBXTargetDependency;
			target = 471510A51EC2B9F50003E18B /* anita */;
			targetProxy = 471510BB1EC2B9F50003E18B /* PBXContainerItemProxy */;
		};
		471510C71EC2B9F60003E18B /* PBXTargetDependency */ = {
			isa = PBXTargetDependency;
			target = 471510A51EC2B9F50003E18B /* anita */;
			targetProxy = 471510C61EC2B9F60003E18B /* PBXContainerItemProxy */;
		};
/* End PBXTargetDependency section */

/* Begin PBXVariantGroup section */
		471510AD1EC2B9F50003E18B /* Main.storyboard */ = {
			isa = PBXVariantGroup;
			children = (
				471510AE1EC2B9F50003E18B /* Base */,
			);
			name = Main.storyboard;
			sourceTree = "<group>";
		};
		471510B21EC2B9F50003E18B /* LaunchScreen.storyboard */ = {
			isa = PBXVariantGroup;
			children = (
				471510B31EC2B9F50003E18B /* Base */,
			);
			name = LaunchScreen.storyboard;
			sourceTree = "<group>";
		};
/* End PBXVariantGroup section */

/* Begin XCBuildConfiguration section */
		471510CC1EC2B9F60003E18B /* Debug */ = {
			isa = XCBuildConfiguration;
			buildSettings = {
				ALWAYS_SEARCH_USER_PATHS = NO;
				CLANG_ANALYZER_NONNULL = YES;
				CLANG_ANALYZER_NUMBER_OBJECT_CONVERSION = YES_AGGRESSIVE;
				CLANG_CXX_LANGUAGE_STANDARD = "gnu++0x";
				CLANG_CXX_LIBRARY = "libc++";
				CLANG_ENABLE_MODULES = YES;
				CLANG_ENABLE_OBJC_ARC = YES;
				CLANG_WARN_BOOL_CONVERSION = YES;
				CLANG_WARN_CONSTANT_CONVERSION = YES;
				CLANG_WARN_DIRECT_OBJC_ISA_USAGE = YES_ERROR;
				CLANG_WARN_DOCUMENTATION_COMMENTS = YES;
				CLANG_WARN_EMPTY_BODY = YES;
				CLANG_WARN_ENUM_CONVERSION = YES;
				CLANG_WARN_INFINITE_RECURSION = YES;
				CLANG_WARN_INT_CONVERSION = YES;
				CLANG_WARN_OBJC_ROOT_CLASS = YES_ERROR;
				CLANG_WARN_SUSPICIOUS_MOVE = YES;
				CLANG_WARN_UNREACHABLE_CODE = YES;
				CLANG_WARN__DUPLICATE_METHOD_MATCH = YES;
				"CODE_SIGN_IDENTITY[sdk=iphoneos*]" = "iPhone Developer";
				COPY_PHASE_STRIP = NO;
				DEBUG_INFORMATION_FORMAT = dwarf;
				ENABLE_STRICT_OBJC_MSGSEND = YES;
				ENABLE_TESTABILITY = YES;
				GCC_C_LANGUAGE_STANDARD = gnu99;
				GCC_DYNAMIC_NO_PIC = NO;
				GCC_NO_COMMON_BLOCKS = YES;
				GCC_OPTIMIZATION_LEVEL = 0;
				GCC_PREPROCESSOR_DEFINITIONS = (
					"DEBUG=1",
					"$(inherited)",
				);
				GCC_WARN_64_TO_32_BIT_CONVERSION = YES;
				GCC_WARN_ABOUT_RETURN_TYPE = YES_ERROR;
				GCC_WARN_UNDECLARED_SELECTOR = YES;
				GCC_WARN_UNINITIALIZED_AUTOS = YES_AGGRESSIVE;
				GCC_WARN_UNUSED_FUNCTION = YES;
				GCC_WARN_UNUSED_VARIABLE = YES;
				IPHONEOS_DEPLOYMENT_TARGET = 10.3;
				MTL_ENABLE_DEBUG_INFO = YES;
				ONLY_ACTIVE_ARCH = YES;
				SDKROOT = iphoneos;
				SWIFT_ACTIVE_COMPILATION_CONDITIONS = DEBUG;
				SWIFT_OPTIMIZATION_LEVEL = "-Onone";
			};
			name = Debug;
		};
		471510CD1EC2B9F60003E18B /* Release */ = {
			isa = XCBuildConfiguration;
			buildSettings = {
				ALWAYS_SEARCH_USER_PATHS = NO;
				CLANG_ANALYZER_NONNULL = YES;
				CLANG_ANALYZER_NUMBER_OBJECT_CONVERSION = YES_AGGRESSIVE;
				CLANG_CXX_LANGUAGE_STANDARD = "gnu++0x";
				CLANG_CXX_LIBRARY = "libc++";
				CLANG_ENABLE_MODULES = YES;
				CLANG_ENABLE_OBJC_ARC = YES;
				CLANG_WARN_BOOL_CONVERSION = YES;
				CLANG_WARN_CONSTANT_CONVERSION = YES;
				CLANG_WARN_DIRECT_OBJC_ISA_USAGE = YES_ERROR;
				CLANG_WARN_DOCUMENTATION_COMMENTS = YES;
				CLANG_WARN_EMPTY_BODY = YES;
				CLANG_WARN_ENUM_CONVERSION = YES;
				CLANG_WARN_INFINITE_RECURSION = YES;
				CLANG_WARN_INT_CONVERSION = YES;
				CLANG_WARN_OBJC_ROOT_CLASS = YES_ERROR;
				CLANG_WARN_SUSPICIOUS_MOVE = YES;
				CLANG_WARN_UNREACHABLE_CODE = YES;
				CLANG_WARN__DUPLICATE_METHOD_MATCH = YES;
				"CODE_SIGN_IDENTITY[sdk=iphoneos*]" = "iPhone Developer";
				COPY_PHASE_STRIP = NO;
				DEBUG_INFORMATION_FORMAT = "dwarf-with-dsym";
				ENABLE_NS_ASSERTIONS = NO;
				ENABLE_STRICT_OBJC_MSGSEND = YES;
				GCC_C_LANGUAGE_STANDARD = gnu99;
				GCC_NO_COMMON_BLOCKS = YES;
				GCC_WARN_64_TO_32_BIT_CONVERSION = YES;
				GCC_WARN_ABOUT_RETURN_TYPE = YES_ERROR;
				GCC_WARN_UNDECLARED_SELECTOR = YES;
				GCC_WARN_UNINITIALIZED_AUTOS = YES_AGGRESSIVE;
				GCC_WARN_UNUSED_FUNCTION = YES;
				GCC_WARN_UNUSED_VARIABLE = YES;
				IPHONEOS_DEPLOYMENT_TARGET = 10.3;
				MTL_ENABLE_DEBUG_INFO = NO;
				SDKROOT = iphoneos;
				SWIFT_OPTIMIZATION_LEVEL = "-Owholemodule";
				VALIDATE_PRODUCT = YES;
			};
			name = Release;
		};
		471510CF1EC2B9F60003E18B /* Debug */ = {
			isa = XCBuildConfiguration;
			buildSettings = {
				ASSETCATALOG_COMPILER_APPICON_NAME = AppIcon;
				INFOPLIST_FILE = anita/Info.plist;
				LD_RUNPATH_SEARCH_PATHS = "$(inherited) @executable_path/Frameworks";
				PRODUCT_BUNDLE_IDENTIFIER = "com.anita-1.anita";
				PRODUCT_NAME = "$(TARGET_NAME)";
				SWIFT_VERSION = 3.0;
			};
			name = Debug;
		};
		471510D01EC2B9F60003E18B /* Release */ = {
			isa = XCBuildConfiguration;
			buildSettings = {
				ASSETCATALOG_COMPILER_APPICON_NAME = AppIcon;
				INFOPLIST_FILE = anita/Info.plist;
				LD_RUNPATH_SEARCH_PATHS = "$(inherited) @executable_path/Frameworks";
				PRODUCT_BUNDLE_IDENTIFIER = "com.anita-1.anita";
				PRODUCT_NAME = "$(TARGET_NAME)";
				SWIFT_VERSION = 3.0;
			};
			name = Release;
		};
		471510D21EC2B9F60003E18B /* Debug */ = {
			isa = XCBuildConfiguration;
			buildSettings = {
				ALWAYS_EMBED_SWIFT_STANDARD_LIBRARIES = YES;
				BUNDLE_LOADER = "$(TEST_HOST)";
				INFOPLIST_FILE = anitaTests/Info.plist;
				LD_RUNPATH_SEARCH_PATHS = "$(inherited) @executable_path/Frameworks @loader_path/Frameworks";
				PRODUCT_BUNDLE_IDENTIFIER = "com.anita-1.anitaTests";
				PRODUCT_NAME = "$(TARGET_NAME)";
				SWIFT_VERSION = 3.0;
				TEST_HOST = "$(BUILT_PRODUCTS_DIR)/anita.app/anita";
			};
			name = Debug;
		};
		471510D31EC2B9F60003E18B /* Release */ = {
			isa = XCBuildConfiguration;
			buildSettings = {
				ALWAYS_EMBED_SWIFT_STANDARD_LIBRARIES = YES;
				BUNDLE_LOADER = "$(TEST_HOST)";
				INFOPLIST_FILE = anitaTests/Info.plist;
				LD_RUNPATH_SEARCH_PATHS = "$(inherited) @executable_path/Frameworks @loader_path/Frameworks";
				PRODUCT_BUNDLE_IDENTIFIER = "com.anita-1.anitaTests";
				PRODUCT_NAME = "$(TARGET_NAME)";
				SWIFT_VERSION = 3.0;
				TEST_HOST = "$(BUILT_PRODUCTS_DIR)/anita.app/anita";
			};
			name = Release;
		};
		471510D51EC2B9F60003E18B /* Debug */ = {
			isa = XCBuildConfiguration;
			buildSettings = {
				ALWAYS_EMBED_SWIFT_STANDARD_LIBRARIES = YES;
				INFOPLIST_FILE = anitaUITests/Info.plist;
				LD_RUNPATH_SEARCH_PATHS = "$(inherited) @executable_path/Frameworks @loader_path/Frameworks";
				PRODUCT_BUNDLE_IDENTIFIER = "com.anita-1.anitaUITests";
				PRODUCT_NAME = "$(TARGET_NAME)";
				SWIFT_VERSION = 3.0;
				TEST_TARGET_NAME = anita;
			};
			name = Debug;
		};
		471510D61EC2B9F60003E18B /* Release */ = {
			isa = XCBuildConfiguration;
			buildSettings = {
				ALWAYS_EMBED_SWIFT_STANDARD_LIBRARIES = YES;
				INFOPLIST_FILE = anitaUITests/Info.plist;
				LD_RUNPATH_SEARCH_PATHS = "$(inherited) @executable_path/Frameworks @loader_path/Frameworks";
				PRODUCT_BUNDLE_IDENTIFIER = "com.anita-1.anitaUITests";
				PRODUCT_NAME = "$(TARGET_NAME)";
				SWIFT_VERSION = 3.0;
				TEST_TARGET_NAME = anita;
			};
			name = Release;
		};
/* End XCBuildConfiguration section */

/* Begin XCConfigurationList section */
		471510A11EC2B9F50003E18B /* Build configuration list for PBXProject "anita" */ = {
			isa = XCConfigurationList;
			buildConfigurations = (
				471510CC1EC2B9F60003E18B /* Debug */,
				471510CD1EC2B9F60003E18B /* Release */,
			);
			defaultConfigurationIsVisible = 0;
			defaultConfigurationName = Release;
		};
		471510CE1EC2B9F60003E18B /* Build configuration list for PBXNativeTarget "anita" */ = {
			isa = XCConfigurationList;
			buildConfigurations = (
				471510CF1EC2B9F60003E18B /* Debug */,
				471510D01EC2B9F60003E18B /* Release */,
			);
			defaultConfigurationIsVisible = 0;
		};
		471510D11EC2B9F60003E18B /* Build configuration list for PBXNativeTarget "anitaTests" */ = {
			isa = XCConfigurationList;
			buildConfigurations = (
				471510D21EC2B9F60003E18B /* Debug */,
				471510D31EC2B9F60003E18B /* Release */,
			);
			defaultConfigurationIsVisible = 0;
		};
		471510D41EC2B9F60003E18B /* Build configuration list for PBXNativeTarget "anitaUITests" */ = {
			isa = XCConfigurationList;
			buildConfigurations = (
				471510D51EC2B9F60003E18B /* Debug */,
				471510D61EC2B9F60003E18B /* Release */,
			);
			defaultConfigurationIsVisible = 0;
		};
/* End XCConfigurationList section */
	};
	rootObject = 4715109E1EC2B9F50003E18B /* Project object */;
}
